// !$*UTF8*$!
{
	archiveVersion = 1;
	classes = {
	};
	objectVersion = 46;
	objects = {

/* Begin PBXBuildFile section */
		99A5C5DF1DB8749F003B822A /* mainMenuFunctions.cpp in Sources */ = {isa = PBXBuildFile; fileRef = 99A5C5DD1DB8749F003B822A /* mainMenuFunctions.cpp */; };
		99A5C5E21DB875A3003B822A /* readAndWriteFunctions.cpp in Sources */ = {isa = PBXBuildFile; fileRef = 99A5C5E01DB875A3003B822A /* readAndWriteFunctions.cpp */; };
		99A5C5E51DB87662003B822A /* encryptDecryptFunctions.cpp in Sources */ = {isa = PBXBuildFile; fileRef = 99A5C5E31DB87662003B822A /* encryptDecryptFunctions.cpp */; };
		99A5C5E81DB877F9003B822A /* dynamicBirthdayFunctions.cpp in Sources */ = {isa = PBXBuildFile; fileRef = 99A5C5E61DB877F9003B822A /* dynamicBirthdayFunctions.cpp */; };
		99A5C5EB1DB878F4003B822A /* miscellaneousFunctions.cpp in Sources */ = {isa = PBXBuildFile; fileRef = 99A5C5E91DB878F4003B822A /* miscellaneousFunctions.cpp */; };
		99A5C5EE1DB8795F003B822A /* userSettingFunctions.cpp in Sources */ = {isa = PBXBuildFile; fileRef = 99A5C5EC1DB8795F003B822A /* userSettingFunctions.cpp */; };
		99A5C5F11DB87ABD003B822A /* sortingFunctions.cpp in Sources */ = {isa = PBXBuildFile; fileRef = 99A5C5EF1DB87ABD003B822A /* sortingFunctions.cpp */; };
		99A5C5F41DB87B1D003B822A /* savingFunctions.cpp in Sources */ = {isa = PBXBuildFile; fileRef = 99A5C5F21DB87B1D003B822A /* savingFunctions.cpp */; };
		99AF77E31CF9531F005B8FE5 /* main.cpp in Sources */ = {isa = PBXBuildFile; fileRef = 99AF77E21CF9531F005B8FE5 /* main.cpp */; };
		99B9F2CB1E092F1C00B0C95C /* searchingFunctions.cpp in Sources */ = {isa = PBXBuildFile; fileRef = 99B9F2C91E092F1C00B0C95C /* searchingFunctions.cpp */; };
/* End PBXBuildFile section */

/* Begin PBXCopyFilesBuildPhase section */
		99AF77DD1CF9531F005B8FE5 /* CopyFiles */ = {
			isa = PBXCopyFilesBuildPhase;
			buildActionMask = 2147483647;
			dstPath = /usr/share/man/man1/;
			dstSubfolderSpec = 0;
			files = (
			);
			runOnlyForDeploymentPostprocessing = 1;
		};
/* End PBXCopyFilesBuildPhase section */

/* Begin PBXFileReference section */
		9989A0721DBF180100690ABA /* Contact Application Notes.rtf */ = {isa = PBXFileReference; fileEncoding = 4; lastKnownFileType = text.rtf; path = "Contact Application Notes.rtf"; sourceTree = "<group>"; };
		99A5C5DB1DB8727D003B822A /* personalInformation.hpp */ = {isa = PBXFileReference; fileEncoding = 4; lastKnownFileType = sourcecode.cpp.h; path = personalInformation.hpp; sourceTree = "<group>"; };
		99A5C5DD1DB8749F003B822A /* mainMenuFunctions.cpp */ = {isa = PBXFileReference; fileEncoding = 4; lastKnownFileType = sourcecode.cpp.cpp; path = mainMenuFunctions.cpp; sourceTree = "<group>"; };
		99A5C5DE1DB8749F003B822A /* mainMenuFunctions.hpp */ = {isa = PBXFileReference; fileEncoding = 4; lastKnownFileType = sourcecode.cpp.h; path = mainMenuFunctions.hpp; sourceTree = "<group>"; };
		99A5C5E01DB875A3003B822A /* readAndWriteFunctions.cpp */ = {isa = PBXFileReference; fileEncoding = 4; lastKnownFileType = sourcecode.cpp.cpp; path = readAndWriteFunctions.cpp; sourceTree = "<group>"; };
		99A5C5E11DB875A3003B822A /* readAndWriteFunctions.hpp */ = {isa = PBXFileReference; fileEncoding = 4; lastKnownFileType = sourcecode.cpp.h; path = readAndWriteFunctions.hpp; sourceTree = "<group>"; };
		99A5C5E31DB87662003B822A /* encryptDecryptFunctions.cpp */ = {isa = PBXFileReference; fileEncoding = 4; lastKnownFileType = sourcecode.cpp.cpp; path = encryptDecryptFunctions.cpp; sourceTree = "<group>"; };
		99A5C5E41DB87662003B822A /* encryptDecryptFunctions.hpp */ = {isa = PBXFileReference; fileEncoding = 4; lastKnownFileType = sourcecode.cpp.h; path = encryptDecryptFunctions.hpp; sourceTree = "<group>"; };
		99A5C5E61DB877F9003B822A /* dynamicBirthdayFunctions.cpp */ = {isa = PBXFileReference; fileEncoding = 4; lastKnownFileType = sourcecode.cpp.cpp; path = dynamicBirthdayFunctions.cpp; sourceTree = "<group>"; };
		99A5C5E71DB877F9003B822A /* dynamicBirthdayFunctions.hpp */ = {isa = PBXFileReference; fileEncoding = 4; lastKnownFileType = sourcecode.cpp.h; path = dynamicBirthdayFunctions.hpp; sourceTree = "<group>"; };
		99A5C5E91DB878F4003B822A /* miscellaneousFunctions.cpp */ = {isa = PBXFileReference; fileEncoding = 4; lastKnownFileType = sourcecode.cpp.cpp; path = miscellaneousFunctions.cpp; sourceTree = "<group>"; };
		99A5C5EA1DB878F4003B822A /* miscellaneousFunctions.hpp */ = {isa = PBXFileReference; fileEncoding = 4; lastKnownFileType = sourcecode.cpp.h; path = miscellaneousFunctions.hpp; sourceTree = "<group>"; };
		99A5C5EC1DB8795F003B822A /* userSettingFunctions.cpp */ = {isa = PBXFileReference; fileEncoding = 4; lastKnownFileType = sourcecode.cpp.cpp; path = userSettingFunctions.cpp; sourceTree = "<group>"; };
		99A5C5ED1DB8795F003B822A /* userSettingFunctions.hpp */ = {isa = PBXFileReference; fileEncoding = 4; lastKnownFileType = sourcecode.cpp.h; path = userSettingFunctions.hpp; sourceTree = "<group>"; };
		99A5C5EF1DB87ABD003B822A /* sortingFunctions.cpp */ = {isa = PBXFileReference; fileEncoding = 4; lastKnownFileType = sourcecode.cpp.cpp; path = sortingFunctions.cpp; sourceTree = "<group>"; };
		99A5C5F01DB87ABD003B822A /* sortingFunctions.hpp */ = {isa = PBXFileReference; fileEncoding = 4; lastKnownFileType = sourcecode.cpp.h; path = sortingFunctions.hpp; sourceTree = "<group>"; };
		99A5C5F21DB87B1D003B822A /* savingFunctions.cpp */ = {isa = PBXFileReference; fileEncoding = 4; lastKnownFileType = sourcecode.cpp.cpp; path = savingFunctions.cpp; sourceTree = "<group>"; };
		99A5C5F31DB87B1D003B822A /* savingFunctions.hpp */ = {isa = PBXFileReference; fileEncoding = 4; lastKnownFileType = sourcecode.cpp.h; path = savingFunctions.hpp; sourceTree = "<group>"; };
		99AF77DF1CF9531F005B8FE5 /* Contact Book V2 */ = {isa = PBXFileReference; explicitFileType = "compiled.mach-o.executable"; includeInIndex = 0; path = "Contact Book V2"; sourceTree = BUILT_PRODUCTS_DIR; };
		99AF77E21CF9531F005B8FE5 /* main.cpp */ = {isa = PBXFileReference; lastKnownFileType = sourcecode.cpp.cpp; path = main.cpp; sourceTree = "<group>"; };
		99B9F2C91E092F1C00B0C95C /* searchingFunctions.cpp */ = {isa = PBXFileReference; fileEncoding = 4; lastKnownFileType = sourcecode.cpp.cpp; path = searchingFunctions.cpp; sourceTree = "<group>"; };
		99B9F2CA1E092F1C00B0C95C /* searchingFunctions.hpp */ = {isa = PBXFileReference; fileEncoding = 4; lastKnownFileType = sourcecode.cpp.h; path = searchingFunctions.hpp; sourceTree = "<group>"; };
/* End PBXFileReference section */

/* Begin PBXFrameworksBuildPhase section */
		99AF77DC1CF9531F005B8FE5 /* Frameworks */ = {
			isa = PBXFrameworksBuildPhase;
			buildActionMask = 2147483647;
			files = (
			);
			runOnlyForDeploymentPostprocessing = 0;
		};
/* End PBXFrameworksBuildPhase section */

/* Begin PBXGroup section */
		99AF77D61CF9531F005B8FE5 = {
			isa = PBXGroup;
			children = (
				99AF77E11CF9531F005B8FE5 /* Contact Book V2 */,
				99AF77E01CF9531F005B8FE5 /* Products */,
			);
			sourceTree = "<group>";
		};
		99AF77E01CF9531F005B8FE5 /* Products */ = {
			isa = PBXGroup;
			children = (
				99AF77DF1CF9531F005B8FE5 /* Contact Book V2 */,
			);
			name = Products;
			sourceTree = "<group>";
		};
		99AF77E11CF9531F005B8FE5 /* Contact Book V2 */ = {
			isa = PBXGroup;
			children = (
				9989A0721DBF180100690ABA /* Contact Application Notes.rtf */,
				99AF77E21CF9531F005B8FE5 /* main.cpp */,
				99A5C5DB1DB8727D003B822A /* personalInformation.hpp */,
				99A5C5DE1DB8749F003B822A /* mainMenuFunctions.hpp */,
				99A5C5DD1DB8749F003B822A /* mainMenuFunctions.cpp */,
				99A5C5E11DB875A3003B822A /* readAndWriteFunctions.hpp */,
				99A5C5E01DB875A3003B822A /* readAndWriteFunctions.cpp */,
				99A5C5E41DB87662003B822A /* encryptDecryptFunctions.hpp */,
				99A5C5E31DB87662003B822A /* encryptDecryptFunctions.cpp */,
				99A5C5E71DB877F9003B822A /* dynamicBirthdayFunctions.hpp */,
				99A5C5E61DB877F9003B822A /* dynamicBirthdayFunctions.cpp */,
				99A5C5EA1DB878F4003B822A /* miscellaneousFunctions.hpp */,
				99A5C5E91DB878F4003B822A /* miscellaneousFunctions.cpp */,
				99A5C5ED1DB8795F003B822A /* userSettingFunctions.hpp */,
				99A5C5EC1DB8795F003B822A /* userSettingFunctions.cpp */,
				99A5C5F01DB87ABD003B822A /* sortingFunctions.hpp */,
				99A5C5EF1DB87ABD003B822A /* sortingFunctions.cpp */,
				99A5C5F31DB87B1D003B822A /* savingFunctions.hpp */,
				99A5C5F21DB87B1D003B822A /* savingFunctions.cpp */,
				99B9F2CA1E092F1C00B0C95C /* searchingFunctions.hpp */,
				99B9F2C91E092F1C00B0C95C /* searchingFunctions.cpp */,
			);
			path = "Contact Book V2";
			sourceTree = "<group>";
		};
/* End PBXGroup section */

/* Begin PBXNativeTarget section */
		99AF77DE1CF9531F005B8FE5 /* Contact Book V2 */ = {
			isa = PBXNativeTarget;
			buildConfigurationList = 99AF77E61CF9531F005B8FE5 /* Build configuration list for PBXNativeTarget "Contact Book V2" */;
			buildPhases = (
				99AF77DB1CF9531F005B8FE5 /* Sources */,
				99AF77DC1CF9531F005B8FE5 /* Frameworks */,
				99AF77DD1CF9531F005B8FE5 /* CopyFiles */,
			);
			buildRules = (
			);
			dependencies = (
			);
			name = "Contact Book V2";
			productName = "Vector Practice";
			productReference = 99AF77DF1CF9531F005B8FE5 /* Contact Book V2 */;
			productType = "com.apple.product-type.tool";
		};
/* End PBXNativeTarget section */

/* Begin PBXProject section */
		99AF77D71CF9531F005B8FE5 /* Project object */ = {
			isa = PBXProject;
			attributes = {
				LastUpgradeCheck = 0800;
				ORGANIZATIONNAME = "Joseph Lyons";
				TargetAttributes = {
					99AF77DE1CF9531F005B8FE5 = {
						CreatedOnToolsVersion = 7.3.1;
					};
				};
			};
			buildConfigurationList = 99AF77DA1CF9531F005B8FE5 /* Build configuration list for PBXProject "Contact Book V2" */;
			compatibilityVersion = "Xcode 3.2";
			developmentRegion = English;
			hasScannedForEncodings = 0;
			knownRegions = (
				en,
			);
			mainGroup = 99AF77D61CF9531F005B8FE5;
			productRefGroup = 99AF77E01CF9531F005B8FE5 /* Products */;
			projectDirPath = "";
			projectRoot = "";
			targets = (
				99AF77DE1CF9531F005B8FE5 /* Contact Book V2 */,
			);
		};
/* End PBXProject section */

/* Begin PBXSourcesBuildPhase section */
		99AF77DB1CF9531F005B8FE5 /* Sources */ = {
			isa = PBXSourcesBuildPhase;
			buildActionMask = 2147483647;
			files = (
				99A5C5EB1DB878F4003B822A /* miscellaneousFunctions.cpp in Sources */,
				99AF77E31CF9531F005B8FE5 /* main.cpp in Sources */,
				99A5C5E51DB87662003B822A /* encryptDecryptFunctions.cpp in Sources */,
				99A5C5EE1DB8795F003B822A /* userSettingFunctions.cpp in Sources */,
				99A5C5F11DB87ABD003B822A /* sortingFunctions.cpp in Sources */,
				99A5C5E21DB875A3003B822A /* readAndWriteFunctions.cpp in Sources */,
				99A5C5DF1DB8749F003B822A /* mainMenuFunctions.cpp in Sources */,
				99A5C5F41DB87B1D003B822A /* savingFunctions.cpp in Sources */,
				99B9F2CB1E092F1C00B0C95C /* searchingFunctions.cpp in Sources */,
				99A5C5E81DB877F9003B822A /* dynamicBirthdayFunctions.cpp in Sources */,
			);
			runOnlyForDeploymentPostprocessing = 0;
		};
/* End PBXSourcesBuildPhase section */

/* Begin XCBuildConfiguration section */
		99AF77E41CF9531F005B8FE5 /* Debug */ = {
			isa = XCBuildConfiguration;
			buildSettings = {
				ALWAYS_SEARCH_USER_PATHS = NO;
				CLANG_ANALYZER_NONNULL = YES;
				CLANG_CXX_LANGUAGE_STANDARD = "gnu++0x";
				CLANG_CXX_LIBRARY = "libc++";
				CLANG_ENABLE_MODULES = YES;
				CLANG_ENABLE_OBJC_ARC = YES;
				CLANG_WARN_BOOL_CONVERSION = YES;
				CLANG_WARN_CONSTANT_CONVERSION = YES;
				CLANG_WARN_DIRECT_OBJC_ISA_USAGE = YES_ERROR;
				CLANG_WARN_EMPTY_BODY = YES;
				CLANG_WARN_ENUM_CONVERSION = YES;
				CLANG_WARN_INFINITE_RECURSION = YES;
				CLANG_WARN_INT_CONVERSION = YES;
				CLANG_WARN_OBJC_ROOT_CLASS = YES_ERROR;
				CLANG_WARN_SUSPICIOUS_MOVE = YES;
				CLANG_WARN_UNREACHABLE_CODE = YES;
				CLANG_WARN__DUPLICATE_METHOD_MATCH = YES;
				CODE_SIGN_IDENTITY = "-";
				COPY_PHASE_STRIP = NO;
				DEBUG_INFORMATION_FORMAT = dwarf;
				ENABLE_STRICT_OBJC_MSGSEND = YES;
				ENABLE_TESTABILITY = YES;
				GCC_C_LANGUAGE_STANDARD = gnu99;
				GCC_DYNAMIC_NO_PIC = NO;
				GCC_NO_COMMON_BLOCKS = YES;
				GCC_OPTIMIZATION_LEVEL = 0;
				GCC_PREPROCESSOR_DEFINITIONS = (
					"DEBUG=1",
					"$(inherited)",
				);
				GCC_WARN_64_TO_32_BIT_CONVERSION = YES;
				GCC_WARN_ABOUT_RETURN_TYPE = YES_ERROR;
				GCC_WARN_UNDECLARED_SELECTOR = YES;
				GCC_WARN_UNINITIALIZED_AUTOS = YES_AGGRESSIVE;
				GCC_WARN_UNUSED_FUNCTION = YES;
				GCC_WARN_UNUSED_VARIABLE = YES;
				MACOSX_DEPLOYMENT_TARGET = 10.11;
				MTL_ENABLE_DEBUG_INFO = YES;
				ONLY_ACTIVE_ARCH = YES;
				SDKROOT = macosx;
			};
			name = Debug;
		};
		99AF77E51CF9531F005B8FE5 /* Release */ = {
			isa = XCBuildConfiguration;
			buildSettings = {
				ALWAYS_SEARCH_USER_PATHS = NO;
				CLANG_ANALYZER_NONNULL = YES;
				CLANG_CXX_LANGUAGE_STANDARD = "gnu++0x";
				CLANG_CXX_LIBRARY = "libc++";
				CLANG_ENABLE_MODULES = YES;
				CLANG_ENABLE_OBJC_ARC = YES;
				CLANG_WARN_BOOL_CONVERSION = YES;
				CLANG_WARN_CONSTANT_CONVERSION = YES;
				CLANG_WARN_DIRECT_OBJC_ISA_USAGE = YES_ERROR;
				CLANG_WARN_EMPTY_BODY = YES;
				CLANG_WARN_ENUM_CONVERSION = YES;
				CLANG_WARN_INFINITE_RECURSION = YES;
				CLANG_WARN_INT_CONVERSION = YES;
				CLANG_WARN_OBJC_ROOT_CLASS = YES_ERROR;
				CLANG_WARN_SUSPICIOUS_MOVE = YES;
				CLANG_WARN_UNREACHABLE_CODE = YES;
				CLANG_WARN__DUPLICATE_METHOD_MATCH = YES;
				CODE_SIGN_IDENTITY = "-";
				COPY_PHASE_STRIP = NO;
				DEBUG_INFORMATION_FORMAT = "dwarf-with-dsym";
				ENABLE_NS_ASSERTIONS = NO;
				ENABLE_STRICT_OBJC_MSGSEND = YES;
				GCC_C_LANGUAGE_STANDARD = gnu99;
				GCC_NO_COMMON_BLOCKS = YES;
				GCC_WARN_64_TO_32_BIT_CONVERSION = YES;
				GCC_WARN_ABOUT_RETURN_TYPE = YES_ERROR;
				GCC_WARN_UNDECLARED_SELECTOR = YES;
				GCC_WARN_UNINITIALIZED_AUTOS = YES_AGGRESSIVE;
				GCC_WARN_UNUSED_FUNCTION = YES;
				GCC_WARN_UNUSED_VARIABLE = YES;
				MACOSX_DEPLOYMENT_TARGET = 10.11;
				MTL_ENABLE_DEBUG_INFO = NO;
				SDKROOT = macosx;
			};
			name = Release;
		};
		99AF77E71CF9531F005B8FE5 /* Debug */ = {
			isa = XCBuildConfiguration;
			buildSettings = {
				PRODUCT_NAME = "Contact Book V2";
			};
			name = Debug;
		};
		99AF77E81CF9531F005B8FE5 /* Release */ = {
			isa = XCBuildConfiguration;
			buildSettings = {
				PRODUCT_NAME = "Contact Book V2";
			};
			name = Release;
		};
/* End XCBuildConfiguration section */

/* Begin XCConfigurationList section */
		99AF77DA1CF9531F005B8FE5 /* Build configuration list for PBXProject "Contact Book V2" */ = {
			isa = XCConfigurationList;
			buildConfigurations = (
				99AF77E41CF9531F005B8FE5 /* Debug */,
				99AF77E51CF9531F005B8FE5 /* Release */,
			);
			defaultConfigurationIsVisible = 0;
			defaultConfigurationName = Release;
		};
		99AF77E61CF9531F005B8FE5 /* Build configuration list for PBXNativeTarget "Contact Book V2" */ = {
			isa = XCConfigurationList;
			buildConfigurations = (
				99AF77E71CF9531F005B8FE5 /* Debug */,
				99AF77E81CF9531F005B8FE5 /* Release */,
			);
			defaultConfigurationIsVisible = 0;
			defaultConfigurationName = Release;
		};
/* End XCConfigurationList section */
	};
	rootObject = 99AF77D71CF9531F005B8FE5 /* Project object */;
}
